// !$*UTF8*$!
{
	archiveVersion = 1;
	classes = {
	};
	objectVersion = 50;
	objects = {

/* Begin PBXBuildFile section */
		06699DAC6A91810F1FAA21B0 /* Pods_Steel_Sections_Catalogues.framework in Frameworks */ = {isa = PBXBuildFile; fileRef = 330ED84E4B7CFDF17C74BA57 /* Pods_Steel_Sections_Catalogues.framework */; };
		CF0CB86322E8F3C800257A91 /* CataloguesVC.swift in Sources */ = {isa = PBXBuildFile; fileRef = CF0CB86222E8F3C800257A91 /* CataloguesVC.swift */; };
		CF0CB86522E8F43B00257A91 /* CustomCollectionView.swift in Sources */ = {isa = PBXBuildFile; fileRef = CF0CB86422E8F43B00257A91 /* CustomCollectionView.swift */; };
		CF0CB86722E8F4A700257A91 /* CustomCollectionViewCell.swift in Sources */ = {isa = PBXBuildFile; fileRef = CF0CB86622E8F4A700257A91 /* CustomCollectionViewCell.swift */; };
		CF4C734722E3BEB700923B4C /* AppDelegate.swift in Sources */ = {isa = PBXBuildFile; fileRef = CF4C734622E3BEB700923B4C /* AppDelegate.swift */; };
		CF4C734922E3BEB700923B4C /* CustomUIButton.swift in Sources */ = {isa = PBXBuildFile; fileRef = CF4C734822E3BEB700923B4C /* CustomUIButton.swift */; };
		CF4C734C22E3BEB700923B4C /* Main.storyboard in Resources */ = {isa = PBXBuildFile; fileRef = CF4C734A22E3BEB700923B4C /* Main.storyboard */; };
		CF4C734F22E3BEB700923B4C /* Steel_Sections_Catalogues.xcdatamodeld in Sources */ = {isa = PBXBuildFile; fileRef = CF4C734D22E3BEB700923B4C /* Steel_Sections_Catalogues.xcdatamodeld */; };
		CF4C735122E3BEB800923B4C /* Assets.xcassets in Resources */ = {isa = PBXBuildFile; fileRef = CF4C735022E3BEB800923B4C /* Assets.xcassets */; };
		CF4C735422E3BEB800923B4C /* LaunchScreen.storyboard in Resources */ = {isa = PBXBuildFile; fileRef = CF4C735222E3BEB800923B4C /* LaunchScreen.storyboard */; };
		CF4C735D22E3BF7200923B4C /* MainScreenVC.swift in Sources */ = {isa = PBXBuildFile; fileRef = CF4C735C22E3BF7200923B4C /* MainScreenVC.swift */; };
		CF4CAC9722F8A9B5007A7BED /* SortDataPopOverVC.swift in Sources */ = {isa = PBXBuildFile; fileRef = CF4CAC9622F8A9B5007A7BED /* SortDataPopOverVC.swift */; };
		CF6EAC3E22EC890600C8AC65 /* BlueBookOpenRolledSectionsVC.swift in Sources */ = {isa = PBXBuildFile; fileRef = CF6EAC3D22EC890600C8AC65 /* BlueBookOpenRolledSectionsVC.swift */; };
		CF6EAC4022ECEFC000C8AC65 /* BlueBookUniversalBeamsVC.swift in Sources */ = {isa = PBXBuildFile; fileRef = CF6EAC3F22ECEFC000C8AC65 /* BlueBookUniversalBeamsVC.swift */; };
		CF6EAC4222ECF0A000C8AC65 /* CsvParser.swift in Sources */ = {isa = PBXBuildFile; fileRef = CF6EAC4122ECF0A000C8AC65 /* CsvParser.swift */; };
		CF6EAC4422ECF13700C8AC65 /* CustomTableView.swift in Sources */ = {isa = PBXBuildFile; fileRef = CF6EAC4322ECF13700C8AC65 /* CustomTableView.swift */; };
		CF6EAC4622ECF17900C8AC65 /* IsectionsCustomTableViewCell.swift in Sources */ = {isa = PBXBuildFile; fileRef = CF6EAC4522ECF17900C8AC65 /* IsectionsCustomTableViewCell.swift */; };
		CF6EAC4822ECF1B900C8AC65 /* IsectionsDimensionsParameters.swift in Sources */ = {isa = PBXBuildFile; fileRef = CF6EAC4722ECF1B900C8AC65 /* IsectionsDimensionsParameters.swift */; };
		CF71D78C22E47FF3000FDDE9 /* CustomUINavigationBar.swift in Sources */ = {isa = PBXBuildFile; fileRef = CF71D78B22E47FF3000FDDE9 /* CustomUINavigationBar.swift */; };
		CFD9228522EC692400DC9757 /* BlueBookUniversalBeams.csv in Resources */ = {isa = PBXBuildFile; fileRef = CFD9228422EC692400DC9757 /* BlueBookUniversalBeams.csv */; };
		CFD9228822EC81F500DC9757 /* BlueBookTabController.swift in Sources */ = {isa = PBXBuildFile; fileRef = CFD9228722EC81F500DC9757 /* BlueBookTabController.swift */; };
		CFD9228C22EC846900DC9757 /* BlueBookClosedSectionsVC.swift in Sources */ = {isa = PBXBuildFile; fileRef = CFD9228B22EC846900DC9757 /* BlueBookClosedSectionsVC.swift */; };
/* End PBXBuildFile section */

/* Begin PBXFileReference section */
		330ED84E4B7CFDF17C74BA57 /* Pods_Steel_Sections_Catalogues.framework */ = {isa = PBXFileReference; explicitFileType = wrapper.framework; includeInIndex = 0; path = Pods_Steel_Sections_Catalogues.framework; sourceTree = BUILT_PRODUCTS_DIR; };
		429D476114C979D468DC1846 /* Pods-Steel Sections Catalogues.debug.xcconfig */ = {isa = PBXFileReference; includeInIndex = 1; lastKnownFileType = text.xcconfig; name = "Pods-Steel Sections Catalogues.debug.xcconfig"; path = "Pods/Target Support Files/Pods-Steel Sections Catalogues/Pods-Steel Sections Catalogues.debug.xcconfig"; sourceTree = "<group>"; };
		603849ACBFC18C601234F57C /* Pods-Steel Sections Catalogues.release.xcconfig */ = {isa = PBXFileReference; includeInIndex = 1; lastKnownFileType = text.xcconfig; name = "Pods-Steel Sections Catalogues.release.xcconfig"; path = "Pods/Target Support Files/Pods-Steel Sections Catalogues/Pods-Steel Sections Catalogues.release.xcconfig"; sourceTree = "<group>"; };
		CF0CB86222E8F3C800257A91 /* CataloguesVC.swift */ = {isa = PBXFileReference; lastKnownFileType = sourcecode.swift; path = CataloguesVC.swift; sourceTree = "<group>"; };
		CF0CB86422E8F43B00257A91 /* CustomCollectionView.swift */ = {isa = PBXFileReference; lastKnownFileType = sourcecode.swift; path = CustomCollectionView.swift; sourceTree = "<group>"; };
		CF0CB86622E8F4A700257A91 /* CustomCollectionViewCell.swift */ = {isa = PBXFileReference; lastKnownFileType = sourcecode.swift; path = CustomCollectionViewCell.swift; sourceTree = "<group>"; };
		CF4C734322E3BEB700923B4C /* Steel Sections Catalogues.app */ = {isa = PBXFileReference; explicitFileType = wrapper.application; includeInIndex = 0; path = "Steel Sections Catalogues.app"; sourceTree = BUILT_PRODUCTS_DIR; };
		CF4C734622E3BEB700923B4C /* AppDelegate.swift */ = {isa = PBXFileReference; lastKnownFileType = sourcecode.swift; path = AppDelegate.swift; sourceTree = "<group>"; };
		CF4C734822E3BEB700923B4C /* CustomUIButton.swift */ = {isa = PBXFileReference; lastKnownFileType = sourcecode.swift; path = CustomUIButton.swift; sourceTree = "<group>"; };
		CF4C734B22E3BEB700923B4C /* Base */ = {isa = PBXFileReference; lastKnownFileType = file.storyboard; name = Base; path = Base.lproj/Main.storyboard; sourceTree = "<group>"; };
		CF4C734E22E3BEB700923B4C /* Steel_Sections_Catalogues.xcdatamodel */ = {isa = PBXFileReference; lastKnownFileType = wrapper.xcdatamodel; path = Steel_Sections_Catalogues.xcdatamodel; sourceTree = "<group>"; };
		CF4C735022E3BEB800923B4C /* Assets.xcassets */ = {isa = PBXFileReference; lastKnownFileType = folder.assetcatalog; path = Assets.xcassets; sourceTree = "<group>"; };
		CF4C735322E3BEB800923B4C /* Base */ = {isa = PBXFileReference; lastKnownFileType = file.storyboard; name = Base; path = Base.lproj/LaunchScreen.storyboard; sourceTree = "<group>"; };
		CF4C735522E3BEB800923B4C /* Info.plist */ = {isa = PBXFileReference; lastKnownFileType = text.plist.xml; path = Info.plist; sourceTree = "<group>"; };
		CF4C735C22E3BF7200923B4C /* MainScreenVC.swift */ = {isa = PBXFileReference; lastKnownFileType = sourcecode.swift; path = MainScreenVC.swift; sourceTree = "<group>"; };
		CF4CAC9622F8A9B5007A7BED /* SortDataPopOverVC.swift */ = {isa = PBXFileReference; lastKnownFileType = sourcecode.swift; path = SortDataPopOverVC.swift; sourceTree = "<group>"; };
		CF6EAC3D22EC890600C8AC65 /* BlueBookOpenRolledSectionsVC.swift */ = {isa = PBXFileReference; lastKnownFileType = sourcecode.swift; path = BlueBookOpenRolledSectionsVC.swift; sourceTree = "<group>"; };
		CF6EAC3F22ECEFC000C8AC65 /* BlueBookUniversalBeamsVC.swift */ = {isa = PBXFileReference; lastKnownFileType = sourcecode.swift; path = BlueBookUniversalBeamsVC.swift; sourceTree = "<group>"; };
		CF6EAC4122ECF0A000C8AC65 /* CsvParser.swift */ = {isa = PBXFileReference; lastKnownFileType = sourcecode.swift; path = CsvParser.swift; sourceTree = "<group>"; };
		CF6EAC4322ECF13700C8AC65 /* CustomTableView.swift */ = {isa = PBXFileReference; lastKnownFileType = sourcecode.swift; path = CustomTableView.swift; sourceTree = "<group>"; };
		CF6EAC4522ECF17900C8AC65 /* IsectionsCustomTableViewCell.swift */ = {isa = PBXFileReference; lastKnownFileType = sourcecode.swift; path = IsectionsCustomTableViewCell.swift; sourceTree = "<group>"; };
		CF6EAC4722ECF1B900C8AC65 /* IsectionsDimensionsParameters.swift */ = {isa = PBXFileReference; lastKnownFileType = sourcecode.swift; path = IsectionsDimensionsParameters.swift; sourceTree = "<group>"; };
		CF71D78B22E47FF3000FDDE9 /* CustomUINavigationBar.swift */ = {isa = PBXFileReference; lastKnownFileType = sourcecode.swift; path = CustomUINavigationBar.swift; sourceTree = "<group>"; };
		CFD9228422EC692400DC9757 /* BlueBookUniversalBeams.csv */ = {isa = PBXFileReference; fileEncoding = 4; lastKnownFileType = text; name = BlueBookUniversalBeams.csv; path = "Steel Sections Catalogues/Model/BlueBookUniversalBeams.csv"; sourceTree = SOURCE_ROOT; };
		CFD9228722EC81F500DC9757 /* BlueBookTabController.swift */ = {isa = PBXFileReference; lastKnownFileType = sourcecode.swift; path = BlueBookTabController.swift; sourceTree = "<group>"; };
		CFD9228B22EC846900DC9757 /* BlueBookClosedSectionsVC.swift */ = {isa = PBXFileReference; lastKnownFileType = sourcecode.swift; path = BlueBookClosedSectionsVC.swift; sourceTree = "<group>"; };
/* End PBXFileReference section */

/* Begin PBXFrameworksBuildPhase section */
		CF4C734022E3BEB700923B4C /* Frameworks */ = {
			isa = PBXFrameworksBuildPhase;
			buildActionMask = 2147483647;
			files = (
				06699DAC6A91810F1FAA21B0 /* Pods_Steel_Sections_Catalogues.framework in Frameworks */,
			);
			runOnlyForDeploymentPostprocessing = 0;
		};
/* End PBXFrameworksBuildPhase section */

/* Begin PBXGroup section */
		23C0015049756EB4B0D9B22E /* Pods */ = {
			isa = PBXGroup;
			children = (
				429D476114C979D468DC1846 /* Pods-Steel Sections Catalogues.debug.xcconfig */,
				603849ACBFC18C601234F57C /* Pods-Steel Sections Catalogues.release.xcconfig */,
			);
			name = Pods;
			sourceTree = "<group>";
		};
		B96E6B9AF5A83D1EFB847A02 /* Frameworks */ = {
			isa = PBXGroup;
			children = (
				330ED84E4B7CFDF17C74BA57 /* Pods_Steel_Sections_Catalogues.framework */,
			);
			name = Frameworks;
			sourceTree = "<group>";
		};
		CF4C733A22E3BEB700923B4C = {
			isa = PBXGroup;
			children = (
				CF4C734522E3BEB700923B4C /* Steel Sections Catalogues */,
				CF4C734422E3BEB700923B4C /* Products */,
				23C0015049756EB4B0D9B22E /* Pods */,
				B96E6B9AF5A83D1EFB847A02 /* Frameworks */,
			);
			sourceTree = "<group>";
		};
		CF4C734422E3BEB700923B4C /* Products */ = {
			isa = PBXGroup;
			children = (
				CF4C734322E3BEB700923B4C /* Steel Sections Catalogues.app */,
			);
			name = Products;
			sourceTree = "<group>";
		};
		CF4C734522E3BEB700923B4C /* Steel Sections Catalogues */ = {
			isa = PBXGroup;
			children = (
				CF4C734622E3BEB700923B4C /* AppDelegate.swift */,
				CF4C735B22E3BF3500923B4C /* Model */,
				CF4C735F22E3BF8C00923B4C /* View */,
				CFD9228622EC693000DC9757 /* CSV Files */,
				CF4C735E22E3BF7D00923B4C /* Controller */,
				CF4C735022E3BEB800923B4C /* Assets.xcassets */,
				CF4C735522E3BEB800923B4C /* Info.plist */,
				CF4C734D22E3BEB700923B4C /* Steel_Sections_Catalogues.xcdatamodeld */,
			);
			path = "Steel Sections Catalogues";
			sourceTree = "<group>";
		};
		CF4C735B22E3BF3500923B4C /* Model */ = {
			isa = PBXGroup;
			children = (
				CF4C734822E3BEB700923B4C /* CustomUIButton.swift */,
				CF71D78B22E47FF3000FDDE9 /* CustomUINavigationBar.swift */,
				CF0CB86422E8F43B00257A91 /* CustomCollectionView.swift */,
				CF0CB86622E8F4A700257A91 /* CustomCollectionViewCell.swift */,
				CF6EAC4322ECF13700C8AC65 /* CustomTableView.swift */,
				CF6EAC4522ECF17900C8AC65 /* IsectionsCustomTableViewCell.swift */,
				CF6EAC4722ECF1B900C8AC65 /* IsectionsDimensionsParameters.swift */,
				CF6EAC4122ECF0A000C8AC65 /* CsvParser.swift */,
			);
			path = Model;
			sourceTree = "<group>";
		};
		CF4C735E22E3BF7D00923B4C /* Controller */ = {
			isa = PBXGroup;
			children = (
				CF4C735C22E3BF7200923B4C /* MainScreenVC.swift */,
				CF0CB86222E8F3C800257A91 /* CataloguesVC.swift */,
				CFD9228722EC81F500DC9757 /* BlueBookTabController.swift */,
				CF6EAC3D22EC890600C8AC65 /* BlueBookOpenRolledSectionsVC.swift */,
				CF6EAC3F22ECEFC000C8AC65 /* BlueBookUniversalBeamsVC.swift */,
				CF4CAC9622F8A9B5007A7BED /* SortDataPopOverVC.swift */,
				CFD9228B22EC846900DC9757 /* BlueBookClosedSectionsVC.swift */,
			);
			path = Controller;
			sourceTree = "<group>";
		};
		CF4C735F22E3BF8C00923B4C /* View */ = {
			isa = PBXGroup;
			children = (
				CF4C735222E3BEB800923B4C /* LaunchScreen.storyboard */,
				CF4C734A22E3BEB700923B4C /* Main.storyboard */,
			);
			path = View;
			sourceTree = "<group>";
		};
		CFD9228622EC693000DC9757 /* CSV Files */ = {
			isa = PBXGroup;
			children = (
				CFD9228422EC692400DC9757 /* BlueBookUniversalBeams.csv */,
			);
			name = "CSV Files";
			path = Model;
			sourceTree = "<group>";
		};
/* End PBXGroup section */

/* Begin PBXNativeTarget section */
		CF4C734222E3BEB700923B4C /* Steel Sections Catalogues */ = {
			isa = PBXNativeTarget;
			buildConfigurationList = CF4C735822E3BEB800923B4C /* Build configuration list for PBXNativeTarget "Steel Sections Catalogues" */;
			buildPhases = (
				FDF2459F34C40A24F3510317 /* [CP] Check Pods Manifest.lock */,
				CF4C733F22E3BEB700923B4C /* Sources */,
				CF4C734022E3BEB700923B4C /* Frameworks */,
				CF4C734122E3BEB700923B4C /* Resources */,
				A05939993F17EBBC91EC0B56 /* [CP] Embed Pods Frameworks */,
			);
			buildRules = (
			);
			dependencies = (
			);
			name = "Steel Sections Catalogues";
			productName = "Steel Sections Catalogues";
			productReference = CF4C734322E3BEB700923B4C /* Steel Sections Catalogues.app */;
			productType = "com.apple.product-type.application";
		};
/* End PBXNativeTarget section */

/* Begin PBXProject section */
		CF4C733B22E3BEB700923B4C /* Project object */ = {
			isa = PBXProject;
			attributes = {
				LastSwiftUpdateCheck = 1020;
				LastUpgradeCheck = 1020;
				ORGANIZATIONNAME = "Bespoke Engineering";
				TargetAttributes = {
					CF4C734222E3BEB700923B4C = {
						CreatedOnToolsVersion = 10.2.1;
					};
				};
			};
			buildConfigurationList = CF4C733E22E3BEB700923B4C /* Build configuration list for PBXProject "Steel Sections Catalogues" */;
			compatibilityVersion = "Xcode 9.3";
			developmentRegion = en;
			hasScannedForEncodings = 0;
			knownRegions = (
				en,
				Base,
			);
			mainGroup = CF4C733A22E3BEB700923B4C;
			productRefGroup = CF4C734422E3BEB700923B4C /* Products */;
			projectDirPath = "";
			projectRoot = "";
			targets = (
				CF4C734222E3BEB700923B4C /* Steel Sections Catalogues */,
			);
		};
/* End PBXProject section */

/* Begin PBXResourcesBuildPhase section */
		CF4C734122E3BEB700923B4C /* Resources */ = {
			isa = PBXResourcesBuildPhase;
			buildActionMask = 2147483647;
			files = (
				CFD9228522EC692400DC9757 /* BlueBookUniversalBeams.csv in Resources */,
				CF4C735422E3BEB800923B4C /* LaunchScreen.storyboard in Resources */,
				CF4C735122E3BEB800923B4C /* Assets.xcassets in Resources */,
				CF4C734C22E3BEB700923B4C /* Main.storyboard in Resources */,
			);
			runOnlyForDeploymentPostprocessing = 0;
		};
/* End PBXResourcesBuildPhase section */

/* Begin PBXShellScriptBuildPhase section */
		A05939993F17EBBC91EC0B56 /* [CP] Embed Pods Frameworks */ = {
			isa = PBXShellScriptBuildPhase;
			buildActionMask = 2147483647;
			files = (
			);
			inputFileListPaths = (
			);
			inputPaths = (
				"${SRCROOT}/Pods/Target Support Files/Pods-Steel Sections Catalogues/Pods-Steel Sections Catalogues-frameworks.sh",
				"${BUILT_PRODUCTS_DIR}/BTNavigationDropdownMenu/BTNavigationDropdownMenu.framework",
				"${BUILT_PRODUCTS_DIR}/ChameleonFramework/ChameleonFramework.framework",
			);
			name = "[CP] Embed Pods Frameworks";
			outputFileListPaths = (
			);
			outputPaths = (
				"${TARGET_BUILD_DIR}/${FRAMEWORKS_FOLDER_PATH}/BTNavigationDropdownMenu.framework",
				"${TARGET_BUILD_DIR}/${FRAMEWORKS_FOLDER_PATH}/ChameleonFramework.framework",
			);
			runOnlyForDeploymentPostprocessing = 0;
			shellPath = /bin/sh;
			shellScript = "\"${SRCROOT}/Pods/Target Support Files/Pods-Steel Sections Catalogues/Pods-Steel Sections Catalogues-frameworks.sh\"\n";
			showEnvVarsInLog = 0;
		};
		FDF2459F34C40A24F3510317 /* [CP] Check Pods Manifest.lock */ = {
			isa = PBXShellScriptBuildPhase;
			buildActionMask = 2147483647;
			files = (
			);
			inputFileListPaths = (
			);
			inputPaths = (
				"${PODS_PODFILE_DIR_PATH}/Podfile.lock",
				"${PODS_ROOT}/Manifest.lock",
			);
			name = "[CP] Check Pods Manifest.lock";
			outputFileListPaths = (
			);
			outputPaths = (
				"$(DERIVED_FILE_DIR)/Pods-Steel Sections Catalogues-checkManifestLockResult.txt",
			);
			runOnlyForDeploymentPostprocessing = 0;
			shellPath = /bin/sh;
			shellScript = "diff \"${PODS_PODFILE_DIR_PATH}/Podfile.lock\" \"${PODS_ROOT}/Manifest.lock\" > /dev/null\nif [ $? != 0 ] ; then\n    # print error to STDERR\n    echo \"error: The sandbox is not in sync with the Podfile.lock. Run 'pod install' or update your CocoaPods installation.\" >&2\n    exit 1\nfi\n# This output is used by Xcode 'outputs' to avoid re-running this script phase.\necho \"SUCCESS\" > \"${SCRIPT_OUTPUT_FILE_0}\"\n";
			showEnvVarsInLog = 0;
		};
/* End PBXShellScriptBuildPhase section */

/* Begin PBXSourcesBuildPhase section */
		CF4C733F22E3BEB700923B4C /* Sources */ = {
			isa = PBXSourcesBuildPhase;
			buildActionMask = 2147483647;
			files = (
				CF6EAC4822ECF1B900C8AC65 /* IsectionsDimensionsParameters.swift in Sources */,
				CF6EAC4622ECF17900C8AC65 /* IsectionsCustomTableViewCell.swift in Sources */,
				CF0CB86522E8F43B00257A91 /* CustomCollectionView.swift in Sources */,
				CF0CB86722E8F4A700257A91 /* CustomCollectionViewCell.swift in Sources */,
				CF4CAC9722F8A9B5007A7BED /* SortDataPopOverVC.swift in Sources */,
				CF4C734922E3BEB700923B4C /* CustomUIButton.swift in Sources */,
				CF71D78C22E47FF3000FDDE9 /* CustomUINavigationBar.swift in Sources */,
				CF4C734722E3BEB700923B4C /* AppDelegate.swift in Sources */,
				CF6EAC3E22EC890600C8AC65 /* BlueBookOpenRolledSectionsVC.swift in Sources */,
				CF4C734F22E3BEB700923B4C /* Steel_Sections_Catalogues.xcdatamodeld in Sources */,
				CF0CB86322E8F3C800257A91 /* CataloguesVC.swift in Sources */,
				CF4C735D22E3BF7200923B4C /* MainScreenVC.swift in Sources */,
				CF6EAC4222ECF0A000C8AC65 /* CsvParser.swift in Sources */,
				CFD9228822EC81F500DC9757 /* BlueBookTabController.swift in Sources */,
				CF6EAC4022ECEFC000C8AC65 /* BlueBookUniversalBeamsVC.swift in Sources */,
				CF6EAC4422ECF13700C8AC65 /* CustomTableView.swift in Sources */,
				CFD9228C22EC846900DC9757 /* BlueBookClosedSectionsVC.swift in Sources */,
			);
			runOnlyForDeploymentPostprocessing = 0;
		};
/* End PBXSourcesBuildPhase section */

/* Begin PBXVariantGroup section */
		CF4C734A22E3BEB700923B4C /* Main.storyboard */ = {
			isa = PBXVariantGroup;
			children = (
				CF4C734B22E3BEB700923B4C /* Base */,
			);
			name = Main.storyboard;
			sourceTree = "<group>";
		};
		CF4C735222E3BEB800923B4C /* LaunchScreen.storyboard */ = {
			isa = PBXVariantGroup;
			children = (
				CF4C735322E3BEB800923B4C /* Base */,
			);
			name = LaunchScreen.storyboard;
			sourceTree = "<group>";
		};
/* End PBXVariantGroup section */

/* Begin XCBuildConfiguration section */
		CF4C735622E3BEB800923B4C /* Debug */ = {
			isa = XCBuildConfiguration;
			buildSettings = {
				ALWAYS_SEARCH_USER_PATHS = NO;
				CLANG_ANALYZER_NONNULL = YES;
				CLANG_ANALYZER_NUMBER_OBJECT_CONVERSION = YES_AGGRESSIVE;
				CLANG_CXX_LANGUAGE_STANDARD = "gnu++14";
				CLANG_CXX_LIBRARY = "libc++";
				CLANG_ENABLE_MODULES = YES;
				CLANG_ENABLE_OBJC_ARC = YES;
				CLANG_ENABLE_OBJC_WEAK = YES;
				CLANG_WARN_BLOCK_CAPTURE_AUTORELEASING = YES;
				CLANG_WARN_BOOL_CONVERSION = YES;
				CLANG_WARN_COMMA = YES;
				CLANG_WARN_CONSTANT_CONVERSION = YES;
				CLANG_WARN_DEPRECATED_OBJC_IMPLEMENTATIONS = YES;
				CLANG_WARN_DIRECT_OBJC_ISA_USAGE = YES_ERROR;
				CLANG_WARN_DOCUMENTATION_COMMENTS = YES;
				CLANG_WARN_EMPTY_BODY = YES;
				CLANG_WARN_ENUM_CONVERSION = YES;
				CLANG_WARN_INFINITE_RECURSION = YES;
				CLANG_WARN_INT_CONVERSION = YES;
				CLANG_WARN_NON_LITERAL_NULL_CONVERSION = YES;
				CLANG_WARN_OBJC_IMPLICIT_RETAIN_SELF = YES;
				CLANG_WARN_OBJC_LITERAL_CONVERSION = YES;
				CLANG_WARN_OBJC_ROOT_CLASS = YES_ERROR;
				CLANG_WARN_RANGE_LOOP_ANALYSIS = YES;
				CLANG_WARN_STRICT_PROTOTYPES = YES;
				CLANG_WARN_SUSPICIOUS_MOVE = YES;
				CLANG_WARN_UNGUARDED_AVAILABILITY = YES_AGGRESSIVE;
				CLANG_WARN_UNREACHABLE_CODE = YES;
				CLANG_WARN__DUPLICATE_METHOD_MATCH = YES;
				CODE_SIGN_IDENTITY = "iPhone Developer";
				COPY_PHASE_STRIP = NO;
				DEBUG_INFORMATION_FORMAT = dwarf;
				ENABLE_STRICT_OBJC_MSGSEND = YES;
				ENABLE_TESTABILITY = YES;
				GCC_C_LANGUAGE_STANDARD = gnu11;
				GCC_DYNAMIC_NO_PIC = NO;
				GCC_NO_COMMON_BLOCKS = YES;
				GCC_OPTIMIZATION_LEVEL = 0;
				GCC_PREPROCESSOR_DEFINITIONS = (
					"DEBUG=1",
					"$(inherited)",
				);
				GCC_WARN_64_TO_32_BIT_CONVERSION = YES;
				GCC_WARN_ABOUT_RETURN_TYPE = YES_ERROR;
				GCC_WARN_UNDECLARED_SELECTOR = YES;
				GCC_WARN_UNINITIALIZED_AUTOS = YES_AGGRESSIVE;
				GCC_WARN_UNUSED_FUNCTION = YES;
				GCC_WARN_UNUSED_VARIABLE = YES;
				IPHONEOS_DEPLOYMENT_TARGET = 12.2;
				MTL_ENABLE_DEBUG_INFO = INCLUDE_SOURCE;
				MTL_FAST_MATH = YES;
				ONLY_ACTIVE_ARCH = YES;
				SDKROOT = iphoneos;
				SWIFT_ACTIVE_COMPILATION_CONDITIONS = DEBUG;
				SWIFT_OPTIMIZATION_LEVEL = "-Onone";
			};
			name = Debug;
		};
		CF4C735722E3BEB800923B4C /* Release */ = {
			isa = XCBuildConfiguration;
			buildSettings = {
				ALWAYS_SEARCH_USER_PATHS = NO;
				CLANG_ANALYZER_NONNULL = YES;
				CLANG_ANALYZER_NUMBER_OBJECT_CONVERSION = YES_AGGRESSIVE;
				CLANG_CXX_LANGUAGE_STANDARD = "gnu++14";
				CLANG_CXX_LIBRARY = "libc++";
				CLANG_ENABLE_MODULES = YES;
				CLANG_ENABLE_OBJC_ARC = YES;
				CLANG_ENABLE_OBJC_WEAK = YES;
				CLANG_WARN_BLOCK_CAPTURE_AUTORELEASING = YES;
				CLANG_WARN_BOOL_CONVERSION = YES;
				CLANG_WARN_COMMA = YES;
				CLANG_WARN_CONSTANT_CONVERSION = YES;
				CLANG_WARN_DEPRECATED_OBJC_IMPLEMENTATIONS = YES;
				CLANG_WARN_DIRECT_OBJC_ISA_USAGE = YES_ERROR;
				CLANG_WARN_DOCUMENTATION_COMMENTS = YES;
				CLANG_WARN_EMPTY_BODY = YES;
				CLANG_WARN_ENUM_CONVERSION = YES;
				CLANG_WARN_INFINITE_RECURSION = YES;
				CLANG_WARN_INT_CONVERSION = YES;
				CLANG_WARN_NON_LITERAL_NULL_CONVERSION = YES;
				CLANG_WARN_OBJC_IMPLICIT_RETAIN_SELF = YES;
				CLANG_WARN_OBJC_LITERAL_CONVERSION = YES;
				CLANG_WARN_OBJC_ROOT_CLASS = YES_ERROR;
				CLANG_WARN_RANGE_LOOP_ANALYSIS = YES;
				CLANG_WARN_STRICT_PROTOTYPES = YES;
				CLANG_WARN_SUSPICIOUS_MOVE = YES;
				CLANG_WARN_UNGUARDED_AVAILABILITY = YES_AGGRESSIVE;
				CLANG_WARN_UNREACHABLE_CODE = YES;
				CLANG_WARN__DUPLICATE_METHOD_MATCH = YES;
				CODE_SIGN_IDENTITY = "iPhone Developer";
				COPY_PHASE_STRIP = NO;
				DEBUG_INFORMATION_FORMAT = "dwarf-with-dsym";
				ENABLE_NS_ASSERTIONS = NO;
				ENABLE_STRICT_OBJC_MSGSEND = YES;
				GCC_C_LANGUAGE_STANDARD = gnu11;
				GCC_NO_COMMON_BLOCKS = YES;
				GCC_WARN_64_TO_32_BIT_CONVERSION = YES;
				GCC_WARN_ABOUT_RETURN_TYPE = YES_ERROR;
				GCC_WARN_UNDECLARED_SELECTOR = YES;
				GCC_WARN_UNINITIALIZED_AUTOS = YES_AGGRESSIVE;
				GCC_WARN_UNUSED_FUNCTION = YES;
				GCC_WARN_UNUSED_VARIABLE = YES;
				IPHONEOS_DEPLOYMENT_TARGET = 12.2;
				MTL_ENABLE_DEBUG_INFO = NO;
				MTL_FAST_MATH = YES;
				SDKROOT = iphoneos;
				SWIFT_COMPILATION_MODE = wholemodule;
				SWIFT_OPTIMIZATION_LEVEL = "-O";
				VALIDATE_PRODUCT = YES;
			};
			name = Release;
		};
		CF4C735922E3BEB800923B4C /* Debug */ = {
			isa = XCBuildConfiguration;
			baseConfigurationReference = 429D476114C979D468DC1846 /* Pods-Steel Sections Catalogues.debug.xcconfig */;
			buildSettings = {
				ASSETCATALOG_COMPILER_APPICON_NAME = AppIcon;
				CODE_SIGN_STYLE = Automatic;
				DEVELOPMENT_TEAM = HA2CN4QZXB;
				INFOPLIST_FILE = "Steel Sections Catalogues/Info.plist";
				LD_RUNPATH_SEARCH_PATHS = (
					"$(inherited)",
					"@executable_path/Frameworks",
				);
				PRODUCT_BUNDLE_IDENTIFIER = "com.bespoke.engineering.Steel-Sections-Catalogues";
				PRODUCT_NAME = "$(TARGET_NAME)";
				SWIFT_VERSION = 5.0;
				TARGETED_DEVICE_FAMILY = 1;
			};
			name = Debug;
		};
		CF4C735A22E3BEB800923B4C /* Release */ = {
			isa = XCBuildConfiguration;
			baseConfigurationReference = 603849ACBFC18C601234F57C /* Pods-Steel Sections Catalogues.release.xcconfig */;
			buildSettings = {
				ASSETCATALOG_COMPILER_APPICON_NAME = AppIcon;
				CODE_SIGN_STYLE = Automatic;
				DEVELOPMENT_TEAM = HA2CN4QZXB;
				INFOPLIST_FILE = "Steel Sections Catalogues/Info.plist";
				LD_RUNPATH_SEARCH_PATHS = (
					"$(inherited)",
					"@executable_path/Frameworks",
				);
				PRODUCT_BUNDLE_IDENTIFIER = "com.bespoke.engineering.Steel-Sections-Catalogues";
				PRODUCT_NAME = "$(TARGET_NAME)";
				SWIFT_VERSION = 5.0;
				TARGETED_DEVICE_FAMILY = 1;
			};
			name = Release;
		};
/* End XCBuildConfiguration section */

/* Begin XCConfigurationList section */
		CF4C733E22E3BEB700923B4C /* Build configuration list for PBXProject "Steel Sections Catalogues" */ = {
			isa = XCConfigurationList;
			buildConfigurations = (
				CF4C735622E3BEB800923B4C /* Debug */,
				CF4C735722E3BEB800923B4C /* Release */,
			);
			defaultConfigurationIsVisible = 0;
			defaultConfigurationName = Release;
		};
		CF4C735822E3BEB800923B4C /* Build configuration list for PBXNativeTarget "Steel Sections Catalogues" */ = {
			isa = XCConfigurationList;
			buildConfigurations = (
				CF4C735922E3BEB800923B4C /* Debug */,
				CF4C735A22E3BEB800923B4C /* Release */,
			);
			defaultConfigurationIsVisible = 0;
			defaultConfigurationName = Release;
		};
/* End XCConfigurationList section */

/* Begin XCVersionGroup section */
		CF4C734D22E3BEB700923B4C /* Steel_Sections_Catalogues.xcdatamodeld */ = {
			isa = XCVersionGroup;
			children = (
				CF4C734E22E3BEB700923B4C /* Steel_Sections_Catalogues.xcdatamodel */,
			);
			currentVersion = CF4C734E22E3BEB700923B4C /* Steel_Sections_Catalogues.xcdatamodel */;
			path = Steel_Sections_Catalogues.xcdatamodeld;
			sourceTree = "<group>";
			versionGroupType = wrapper.xcdatamodel;
		};
/* End XCVersionGroup section */
	};
	rootObject = CF4C733B22E3BEB700923B4C /* Project object */;
}
